{
    "_meta": {
        "hash": {
            "sha256": "88c3bb6ce4452157824524d38a1897086a0aaa235e03e2fdc66d952de00add37"
        },
        "pipfile-spec": 6,
        "requires": {},
        "sources": [
            {
                "name": "pypi",
                "url": "https://pypi.org/simple",
                "verify_ssl": true
            }
        ]
    },
    "default": {
        "django": {
            "hashes": [
                "sha256:8176ac7985fe6737ce3d6b2531b4a2453cb7c3377c9db00bacb2b3320f4a1311",
                "sha256:b18235d82426f09733d2de9910cee975cf52ff05e5f836681eb957d105a05a40"
            ],
            "index": "pypi",
            "version": "==1.11.15"
        },
        "pytz": {
            "hashes": [
                "sha256:642253af8eae734d1509fc6ac9c1aee5e5b69d76392660889979b9870610a46b",
                "sha256:91e3ccf2c344ffaa6defba1ce7f38f97026943f675b7703f44789768e4cb0ece"
            ],
            "version": "==2018.6"
        },
        "test": {
            "hashes": [
                "sha256:18808a00b57ed3c1c2da02ad0e7f37af55ea8b0058e86cf086baaf3b7aac2e64"
            ],
            "index": "pypi",
            "version": "==2.3.4.5"
        }
    },
    "develop": {}
}
